
Microsoft Visual Studio Solution File, Format Version 12.00
# Visual Studio 14
VisualStudioVersion = 14.0.23107.0
MinimumVisualStudioVersion = 10.0.40219.1
Project("{FAE04EC0-301F-11D3-BF4B-00C04F79EFBC}") = "BaseModels", "Models\BaseModel\BaseModels.csproj", "{FF8D6997-4E68-4ED0-AD0B-857826F52B13}"
EndProject
Project("{2150E333-8FDC-42A3-9474-1A3956D46DE8}") = "Models", "Models", "{C1C757B8-568E-45A5-A86D-D8C70E7E0F87}"
EndProject
Project("{2150E333-8FDC-42A3-9474-1A3956D46DE8}") = "Controller", "Controller", "{3795F90A-849D-456F-9928-ED5C1B2A0F95}"
EndProject
Project("{2150E333-8FDC-42A3-9474-1A3956D46DE8}") = "Infrastructure", "Infrastructure", "{8F2E5130-C851-41E5-BE8C-8A67B1637FAF}"
EndProject
Project("{FAE04EC0-301F-11D3-BF4B-00C04F79EFBC}") = "Global.Core", "Infrastructure\Global\Global.Core.csproj", "{CDB05CAB-383D-4A38-8C58-7512CC138052}"
EndProject
Project("{FAE04EC0-301F-11D3-BF4B-00C04F79EFBC}") = "Log", "Infrastructure\Log\Log.csproj", "{76AE59E5-0DF0-40DC-9DC5-10E1639EA8B9}"
EndProject
Project("{FAE04EC0-301F-11D3-BF4B-00C04F79EFBC}") = "BaseController", "Controller\BaseController\BaseController.csproj", "{790B07C2-6855-407B-9DD1-4B124F673BE2}"
EndProject
Project("{FAE04EC0-301F-11D3-BF4B-00C04F79EFBC}") = "ManagementView", "Views\ManagementView\ManagementView.csproj", "{BA0368C3-7930-4DD8-9EB1-8F416E384F3B}"
EndProject
Project("{FAE04EC0-301F-11D3-BF4B-00C04F79EFBC}") = "UserSetModel", "Models\UserSetModel\UserSetModel.csproj", "{BABF6815-BCA8-42EC-9F36-7820D352D371}"
EndProject
Project("{FAE04EC0-301F-11D3-BF4B-00C04F79EFBC}") = "UserSetController", "Controller\UserSetController\UserSetController.csproj", "{9B74B25E-6F1B-4DA9-8983-E16738159700}"
EndProject
Project("{2150E333-8FDC-42A3-9474-1A3956D46DE8}") = "Views", "Views", "{C6C27F24-ECFA-4EC7-8FFF-BF681C67495D}"
EndProject
Project("{FAE04EC0-301F-11D3-BF4B-00C04F79EFBC}") = "Infrastructure.DBCore", "Infrastructure\DBCore\Infrastructure.DBCore.csproj", "{38E7BC07-B587-42D9-8B94-D0CB2959850B}"
EndProject
Project("{FAE04EC0-301F-11D3-BF4B-00C04F79EFBC}") = "ServiceCollection", "Controller\ServiceCollection\ServiceCollection.csproj", "{9A762EF2-D5B3-433B-A15C-5667D3774DF4}"
EndProject
Project("{FAE04EC0-301F-11D3-BF4B-00C04F79EFBC}") = "SerialPortModel", "Models\SerialPortModel\SerialPortModel.csproj", "{3E0A4C81-DCEF-4214-80EC-73F981BAEE28}"
EndProject
Project("{FAE04EC0-301F-11D3-BF4B-00C04F79EFBC}") = "SerialPortController", "Controller\SerialPortController\SerialPortController.csproj", "{597801B5-0B9A-4B7F-B867-7AFAABF08414}"
EndProject
Project("{FAE04EC0-301F-11D3-BF4B-00C04F79EFBC}") = "SocketController", "Controller\SocketController\SocketController.csproj", "{194C78A4-B4F2-4523-9973-E6A788D7EA89}"
EndProject
Project("{FAE04EC0-301F-11D3-BF4B-00C04F79EFBC}") = "SocketModel", "Models\SocketModel\SocketModel.csproj", "{A21797FF-1276-4A21-83AC-155DD862CD5D}"
EndProject
Project("{FAE04EC0-301F-11D3-BF4B-00C04F79EFBC}") = "HalconView", "Views\HalconView\HalconView.csproj", "{EACC0E2B-07D5-4A33-BA07-42220DFF1FC5}"
EndProject
Project("{FAE04EC0-301F-11D3-BF4B-00C04F79EFBC}") = "AlgorithmController", "Controller\AlgorithmController\AlgorithmController.csproj", "{1F42EA92-E4C7-4F30-B8F5-7A36899B5CE9}"
EndProject
Project("{FAE04EC0-301F-11D3-BF4B-00C04F79EFBC}") = "JsonController", "Controller\JsonController\JsonController.csproj", "{D359F230-FCED-42DA-BE8A-7C44AD18AFC8}"
EndProject
Project("{FAE04EC0-301F-11D3-BF4B-00C04F79EFBC}") = "XMLController", "Controller\XMLController\XMLController.csproj", "{11F71D09-AF04-4DCD-ADA2-CC43E98279CF}"
EndProject
Project("{FAE04EC0-301F-11D3-BF4B-00C04F79EFBC}") = "MainView", "Views\MainView3D\MainView.csproj", "{545BD82C-5137-4DF5-BDF5-4DF033ADEC1F}"
EndProject
Project("{FAE04EC0-301F-11D3-BF4B-00C04F79EFBC}") = "SequenceTestModel", "Models\SequenceModel\SequenceTestModel.csproj", "{42D02B8C-0A33-4BF7-8E83-1BAEE06A8469}"
EndProject
Project("{FAE04EC0-301F-11D3-BF4B-00C04F79EFBC}") = "EngineController", "Controller\CommController\EngineController.csproj", "{6E54CAA0-969E-4AC2-9AEA-0762E896EA40}"
EndProject
Project("{FAE04EC0-301F-11D3-BF4B-00C04F79EFBC}") = "MotionController", "Controller\MotionController\MotionController.csproj", "{A58EBAC3-8967-414B-8649-9456A20F0138}"
EndProject
Project("{FAE04EC0-301F-11D3-BF4B-00C04F79EFBC}") = "LaserController", "Controller\LaserController\LaserController.csproj", "{B1B81CF2-530B-42A5-8DFA-697C63FD34F7}"
EndProject
Project("{2150E333-8FDC-42A3-9474-1A3956D46DE8}") = "Plugins", "Plugins", "{5B968369-9E79-4D35-B5F5-DE58678B20B6}"
EndProject
Project("{FAE04EC0-301F-11D3-BF4B-00C04F79EFBC}") = "CameraContorller", "Controller\CameraContorller\CameraContorller.csproj", "{2B81BDDE-434C-4E9B-868A-2CE8B51D157B}"
EndProject
Project("{FAE04EC0-301F-11D3-BF4B-00C04F79EFBC}") = "SmileWei.EmbeddedApp", "Plugins\SmileWei.EmbeddedApp\SmileWei.EmbeddedApp.csproj", "{90B74ADF-891A-47E2-922C-450BE2271164}"
EndProject
Project("{FAE04EC0-301F-11D3-BF4B-00C04F79EFBC}") = "FormDesignView", "Plugins\FormDesignView\FormDesignView.csproj", "{5B7146F9-0BE9-4A16-9494-24DBD502401D}"
EndProject
Project("{FAE04EC0-301F-11D3-BF4B-00C04F79EFBC}") = "ExternDll", "Plugins\ExternDll\ExternDll.csproj", "{A185F4E5-5E4B-4DC4-9235-EC1007DC46F9}"
EndProject
Project("{FAE04EC0-301F-11D3-BF4B-00C04F79EFBC}") = "ServiceController", "Controller\ServiceController\ServiceController.csproj", "{D4A5F04A-480B-48A2-9B5E-B639A4116E95}"
EndProject
Project("{FAE04EC0-301F-11D3-BF4B-00C04F79EFBC}") = "ExcelController", "Controller\ExcelControl\ExcelController.csproj", "{32665B76-70AF-40B8-AADC-DDF5F47F695E}"
EndProject
Project("{FAE04EC0-301F-11D3-BF4B-00C04F79EFBC}") = "ProcessController", "Controller\ProcessController\ProcessController.csproj", "{65AF651B-861E-4704-9FDC-08564CD42A21}"
EndProject
Project("{FAE04EC0-301F-11D3-BF4B-00C04F79EFBC}") = "VisionController", "Controller\VisionController\VisionController.csproj", "{8626A161-0EED-40C5-BDC7-1D13BB4ADDBA}"
EndProject
Global
	GlobalSection(SolutionConfigurationPlatforms) = preSolution
		Debug|Any CPU = Debug|Any CPU
		Debug|x64 = Debug|x64
		Debug|x86 = Debug|x86
		Release|Any CPU = Release|Any CPU
		Release|x64 = Release|x64
		Release|x86 = Release|x86
	EndGlobalSection
	GlobalSection(ProjectConfigurationPlatforms) = postSolution
		{FF8D6997-4E68-4ED0-AD0B-857826F52B13}.Debug|Any CPU.ActiveCfg = Debug|Any CPU
		{FF8D6997-4E68-4ED0-AD0B-857826F52B13}.Debug|Any CPU.Build.0 = Debug|Any CPU
		{FF8D6997-4E68-4ED0-AD0B-857826F52B13}.Debug|x64.ActiveCfg = Debug|Any CPU
		{FF8D6997-4E68-4ED0-AD0B-857826F52B13}.Debug|x64.Build.0 = Debug|Any CPU
		{FF8D6997-4E68-4ED0-AD0B-857826F52B13}.Debug|x86.ActiveCfg = Debug|Any CPU
		{FF8D6997-4E68-4ED0-AD0B-857826F52B13}.Debug|x86.Build.0 = Debug|Any CPU
		{FF8D6997-4E68-4ED0-AD0B-857826F52B13}.Release|Any CPU.ActiveCfg = Release|Any CPU
		{FF8D6997-4E68-4ED0-AD0B-857826F52B13}.Release|Any CPU.Build.0 = Release|Any CPU
		{FF8D6997-4E68-4ED0-AD0B-857826F52B13}.Release|x64.ActiveCfg = Release|Any CPU
		{FF8D6997-4E68-4ED0-AD0B-857826F52B13}.Release|x64.Build.0 = Release|Any CPU
		{FF8D6997-4E68-4ED0-AD0B-857826F52B13}.Release|x86.ActiveCfg = Release|Any CPU
		{FF8D6997-4E68-4ED0-AD0B-857826F52B13}.Release|x86.Build.0 = Release|Any CPU
		{CDB05CAB-383D-4A38-8C58-7512CC138052}.Debug|Any CPU.ActiveCfg = Debug|Any CPU
		{CDB05CAB-383D-4A38-8C58-7512CC138052}.Debug|Any CPU.Build.0 = Debug|Any CPU
		{CDB05CAB-383D-4A38-8C58-7512CC138052}.Debug|x64.ActiveCfg = Debug|Any CPU
		{CDB05CAB-383D-4A38-8C58-7512CC138052}.Debug|x64.Build.0 = Debug|Any CPU
		{CDB05CAB-383D-4A38-8C58-7512CC138052}.Debug|x86.ActiveCfg = Debug|Any CPU
		{CDB05CAB-383D-4A38-8C58-7512CC138052}.Debug|x86.Build.0 = Debug|Any CPU
		{CDB05CAB-383D-4A38-8C58-7512CC138052}.Release|Any CPU.ActiveCfg = Release|Any CPU
		{CDB05CAB-383D-4A38-8C58-7512CC138052}.Release|Any CPU.Build.0 = Release|Any CPU
		{CDB05CAB-383D-4A38-8C58-7512CC138052}.Release|x64.ActiveCfg = Release|Any CPU
		{CDB05CAB-383D-4A38-8C58-7512CC138052}.Release|x64.Build.0 = Release|Any CPU
		{CDB05CAB-383D-4A38-8C58-7512CC138052}.Release|x86.ActiveCfg = Release|Any CPU
		{CDB05CAB-383D-4A38-8C58-7512CC138052}.Release|x86.Build.0 = Release|Any CPU
		{76AE59E5-0DF0-40DC-9DC5-10E1639EA8B9}.Debug|Any CPU.ActiveCfg = Debug|Any CPU
		{76AE59E5-0DF0-40DC-9DC5-10E1639EA8B9}.Debug|Any CPU.Build.0 = Debug|Any CPU
		{76AE59E5-0DF0-40DC-9DC5-10E1639EA8B9}.Debug|x64.ActiveCfg = Debug|Any CPU
		{76AE59E5-0DF0-40DC-9DC5-10E1639EA8B9}.Debug|x64.Build.0 = Debug|Any CPU
		{76AE59E5-0DF0-40DC-9DC5-10E1639EA8B9}.Debug|x86.ActiveCfg = Debug|Any CPU
		{76AE59E5-0DF0-40DC-9DC5-10E1639EA8B9}.Debug|x86.Build.0 = Debug|Any CPU
		{76AE59E5-0DF0-40DC-9DC5-10E1639EA8B9}.Release|Any CPU.ActiveCfg = Release|Any CPU
		{76AE59E5-0DF0-40DC-9DC5-10E1639EA8B9}.Release|Any CPU.Build.0 = Release|Any CPU
		{76AE59E5-0DF0-40DC-9DC5-10E1639EA8B9}.Release|x64.ActiveCfg = Release|Any CPU
		{76AE59E5-0DF0-40DC-9DC5-10E1639EA8B9}.Release|x64.Build.0 = Release|Any CPU
		{76AE59E5-0DF0-40DC-9DC5-10E1639EA8B9}.Release|x86.ActiveCfg = Release|Any CPU
		{76AE59E5-0DF0-40DC-9DC5-10E1639EA8B9}.Release|x86.Build.0 = Release|Any CPU
		{790B07C2-6855-407B-9DD1-4B124F673BE2}.Debug|Any CPU.ActiveCfg = Debug|Any CPU
		{790B07C2-6855-407B-9DD1-4B124F673BE2}.Debug|Any CPU.Build.0 = Debug|Any CPU
		{790B07C2-6855-407B-9DD1-4B124F673BE2}.Debug|x64.ActiveCfg = Debug|Any CPU
		{790B07C2-6855-407B-9DD1-4B124F673BE2}.Debug|x64.Build.0 = Debug|Any CPU
		{790B07C2-6855-407B-9DD1-4B124F673BE2}.Debug|x86.ActiveCfg = Debug|Any CPU
		{790B07C2-6855-407B-9DD1-4B124F673BE2}.Debug|x86.Build.0 = Debug|Any CPU
		{790B07C2-6855-407B-9DD1-4B124F673BE2}.Release|Any CPU.ActiveCfg = Release|Any CPU
		{790B07C2-6855-407B-9DD1-4B124F673BE2}.Release|Any CPU.Build.0 = Release|Any CPU
		{790B07C2-6855-407B-9DD1-4B124F673BE2}.Release|x64.ActiveCfg = Release|Any CPU
		{790B07C2-6855-407B-9DD1-4B124F673BE2}.Release|x64.Build.0 = Release|Any CPU
		{790B07C2-6855-407B-9DD1-4B124F673BE2}.Release|x86.ActiveCfg = Release|Any CPU
		{790B07C2-6855-407B-9DD1-4B124F673BE2}.Release|x86.Build.0 = Release|Any CPU
		{BA0368C3-7930-4DD8-9EB1-8F416E384F3B}.Debug|Any CPU.ActiveCfg = Debug|Any CPU
		{BA0368C3-7930-4DD8-9EB1-8F416E384F3B}.Debug|Any CPU.Build.0 = Debug|Any CPU
		{BA0368C3-7930-4DD8-9EB1-8F416E384F3B}.Debug|x64.ActiveCfg = Debug|Any CPU
		{BA0368C3-7930-4DD8-9EB1-8F416E384F3B}.Debug|x64.Build.0 = Debug|Any CPU
		{BA0368C3-7930-4DD8-9EB1-8F416E384F3B}.Debug|x86.ActiveCfg = Debug|Any CPU
		{BA0368C3-7930-4DD8-9EB1-8F416E384F3B}.Debug|x86.Build.0 = Debug|Any CPU
		{BA0368C3-7930-4DD8-9EB1-8F416E384F3B}.Release|Any CPU.ActiveCfg = Release|Any CPU
		{BA0368C3-7930-4DD8-9EB1-8F416E384F3B}.Release|Any CPU.Build.0 = Release|Any CPU
		{BA0368C3-7930-4DD8-9EB1-8F416E384F3B}.Release|x64.ActiveCfg = Release|Any CPU
		{BA0368C3-7930-4DD8-9EB1-8F416E384F3B}.Release|x64.Build.0 = Release|Any CPU
		{BA0368C3-7930-4DD8-9EB1-8F416E384F3B}.Release|x86.ActiveCfg = Release|Any CPU
		{BA0368C3-7930-4DD8-9EB1-8F416E384F3B}.Release|x86.Build.0 = Release|Any CPU
		{BABF6815-BCA8-42EC-9F36-7820D352D371}.Debug|Any CPU.ActiveCfg = Debug|Any CPU
		{BABF6815-BCA8-42EC-9F36-7820D352D371}.Debug|Any CPU.Build.0 = Debug|Any CPU
		{BABF6815-BCA8-42EC-9F36-7820D352D371}.Debug|x64.ActiveCfg = Debug|Any CPU
		{BABF6815-BCA8-42EC-9F36-7820D352D371}.Debug|x64.Build.0 = Debug|Any CPU
		{BABF6815-BCA8-42EC-9F36-7820D352D371}.Debug|x86.ActiveCfg = Debug|Any CPU
		{BABF6815-BCA8-42EC-9F36-7820D352D371}.Debug|x86.Build.0 = Debug|Any CPU
		{BABF6815-BCA8-42EC-9F36-7820D352D371}.Release|Any CPU.ActiveCfg = Release|Any CPU
		{BABF6815-BCA8-42EC-9F36-7820D352D371}.Release|Any CPU.Build.0 = Release|Any CPU
		{BABF6815-BCA8-42EC-9F36-7820D352D371}.Release|x64.ActiveCfg = Release|Any CPU
		{BABF6815-BCA8-42EC-9F36-7820D352D371}.Release|x64.Build.0 = Release|Any CPU
		{BABF6815-BCA8-42EC-9F36-7820D352D371}.Release|x86.ActiveCfg = Release|Any CPU
		{BABF6815-BCA8-42EC-9F36-7820D352D371}.Release|x86.Build.0 = Release|Any CPU
		{9B74B25E-6F1B-4DA9-8983-E16738159700}.Debug|Any CPU.ActiveCfg = Debug|Any CPU
		{9B74B25E-6F1B-4DA9-8983-E16738159700}.Debug|Any CPU.Build.0 = Debug|Any CPU
		{9B74B25E-6F1B-4DA9-8983-E16738159700}.Debug|x64.ActiveCfg = Debug|Any CPU
		{9B74B25E-6F1B-4DA9-8983-E16738159700}.Debug|x64.Build.0 = Debug|Any CPU
		{9B74B25E-6F1B-4DA9-8983-E16738159700}.Debug|x86.ActiveCfg = Debug|Any CPU
		{9B74B25E-6F1B-4DA9-8983-E16738159700}.Debug|x86.Build.0 = Debug|Any CPU
		{9B74B25E-6F1B-4DA9-8983-E16738159700}.Release|Any CPU.ActiveCfg = Release|Any CPU
		{9B74B25E-6F1B-4DA9-8983-E16738159700}.Release|Any CPU.Build.0 = Release|Any CPU
		{9B74B25E-6F1B-4DA9-8983-E16738159700}.Release|x64.ActiveCfg = Release|Any CPU
		{9B74B25E-6F1B-4DA9-8983-E16738159700}.Release|x64.Build.0 = Release|Any CPU
		{9B74B25E-6F1B-4DA9-8983-E16738159700}.Release|x86.ActiveCfg = Release|Any CPU
		{9B74B25E-6F1B-4DA9-8983-E16738159700}.Release|x86.Build.0 = Release|Any CPU
		{38E7BC07-B587-42D9-8B94-D0CB2959850B}.Debug|Any CPU.ActiveCfg = Debug|Any CPU
		{38E7BC07-B587-42D9-8B94-D0CB2959850B}.Debug|Any CPU.Build.0 = Debug|Any CPU
		{38E7BC07-B587-42D9-8B94-D0CB2959850B}.Debug|x64.ActiveCfg = Debug|Any CPU
		{38E7BC07-B587-42D9-8B94-D0CB2959850B}.Debug|x64.Build.0 = Debug|Any CPU
		{38E7BC07-B587-42D9-8B94-D0CB2959850B}.Debug|x86.ActiveCfg = Debug|Any CPU
		{38E7BC07-B587-42D9-8B94-D0CB2959850B}.Release|Any CPU.ActiveCfg = Release|Any CPU
		{38E7BC07-B587-42D9-8B94-D0CB2959850B}.Release|Any CPU.Build.0 = Release|Any CPU
		{38E7BC07-B587-42D9-8B94-D0CB2959850B}.Release|x64.ActiveCfg = Release|Any CPU
		{38E7BC07-B587-42D9-8B94-D0CB2959850B}.Release|x64.Build.0 = Release|Any CPU
		{38E7BC07-B587-42D9-8B94-D0CB2959850B}.Release|x86.ActiveCfg = Release|Any CPU
		{38E7BC07-B587-42D9-8B94-D0CB2959850B}.Release|x86.Build.0 = Release|Any CPU
		{9A762EF2-D5B3-433B-A15C-5667D3774DF4}.Debug|Any CPU.ActiveCfg = Debug|Any CPU
		{9A762EF2-D5B3-433B-A15C-5667D3774DF4}.Debug|Any CPU.Build.0 = Debug|Any CPU
		{9A762EF2-D5B3-433B-A15C-5667D3774DF4}.Debug|x64.ActiveCfg = Debug|Any CPU
		{9A762EF2-D5B3-433B-A15C-5667D3774DF4}.Debug|x64.Build.0 = Debug|Any CPU
		{9A762EF2-D5B3-433B-A15C-5667D3774DF4}.Debug|x86.ActiveCfg = Debug|Any CPU
		{9A762EF2-D5B3-433B-A15C-5667D3774DF4}.Debug|x86.Build.0 = Debug|Any CPU
		{9A762EF2-D5B3-433B-A15C-5667D3774DF4}.Release|Any CPU.ActiveCfg = Release|Any CPU
		{9A762EF2-D5B3-433B-A15C-5667D3774DF4}.Release|Any CPU.Build.0 = Release|Any CPU
		{9A762EF2-D5B3-433B-A15C-5667D3774DF4}.Release|x64.ActiveCfg = Release|Any CPU
		{9A762EF2-D5B3-433B-A15C-5667D3774DF4}.Release|x64.Build.0 = Release|Any CPU
		{9A762EF2-D5B3-433B-A15C-5667D3774DF4}.Release|x86.ActiveCfg = Release|Any CPU
		{9A762EF2-D5B3-433B-A15C-5667D3774DF4}.Release|x86.Build.0 = Release|Any CPU
		{3E0A4C81-DCEF-4214-80EC-73F981BAEE28}.Debug|Any CPU.ActiveCfg = Debug|Any CPU
		{3E0A4C81-DCEF-4214-80EC-73F981BAEE28}.Debug|Any CPU.Build.0 = Debug|Any CPU
		{3E0A4C81-DCEF-4214-80EC-73F981BAEE28}.Debug|x64.ActiveCfg = Debug|Any CPU
		{3E0A4C81-DCEF-4214-80EC-73F981BAEE28}.Debug|x64.Build.0 = Debug|Any CPU
		{3E0A4C81-DCEF-4214-80EC-73F981BAEE28}.Debug|x86.ActiveCfg = Debug|Any CPU
		{3E0A4C81-DCEF-4214-80EC-73F981BAEE28}.Debug|x86.Build.0 = Debug|Any CPU
		{3E0A4C81-DCEF-4214-80EC-73F981BAEE28}.Release|Any CPU.ActiveCfg = Release|Any CPU
		{3E0A4C81-DCEF-4214-80EC-73F981BAEE28}.Release|Any CPU.Build.0 = Release|Any CPU
		{3E0A4C81-DCEF-4214-80EC-73F981BAEE28}.Release|x64.ActiveCfg = Release|Any CPU
		{3E0A4C81-DCEF-4214-80EC-73F981BAEE28}.Release|x64.Build.0 = Release|Any CPU
		{3E0A4C81-DCEF-4214-80EC-73F981BAEE28}.Release|x86.ActiveCfg = Release|Any CPU
		{3E0A4C81-DCEF-4214-80EC-73F981BAEE28}.Release|x86.Build.0 = Release|Any CPU
		{597801B5-0B9A-4B7F-B867-7AFAABF08414}.Debug|Any CPU.ActiveCfg = Debug|Any CPU
		{597801B5-0B9A-4B7F-B867-7AFAABF08414}.Debug|Any CPU.Build.0 = Debug|Any CPU
		{597801B5-0B9A-4B7F-B867-7AFAABF08414}.Debug|x64.ActiveCfg = Debug|Any CPU
		{597801B5-0B9A-4B7F-B867-7AFAABF08414}.Debug|x64.Build.0 = Debug|Any CPU
		{597801B5-0B9A-4B7F-B867-7AFAABF08414}.Debug|x86.ActiveCfg = Debug|Any CPU
		{597801B5-0B9A-4B7F-B867-7AFAABF08414}.Debug|x86.Build.0 = Debug|Any CPU
		{597801B5-0B9A-4B7F-B867-7AFAABF08414}.Release|Any CPU.ActiveCfg = Release|Any CPU
		{597801B5-0B9A-4B7F-B867-7AFAABF08414}.Release|Any CPU.Build.0 = Release|Any CPU
		{597801B5-0B9A-4B7F-B867-7AFAABF08414}.Release|x64.ActiveCfg = Release|Any CPU
		{597801B5-0B9A-4B7F-B867-7AFAABF08414}.Release|x64.Build.0 = Release|Any CPU
		{597801B5-0B9A-4B7F-B867-7AFAABF08414}.Release|x86.ActiveCfg = Release|Any CPU
		{597801B5-0B9A-4B7F-B867-7AFAABF08414}.Release|x86.Build.0 = Release|Any CPU
		{194C78A4-B4F2-4523-9973-E6A788D7EA89}.Debug|Any CPU.ActiveCfg = Debug|Any CPU
		{194C78A4-B4F2-4523-9973-E6A788D7EA89}.Debug|Any CPU.Build.0 = Debug|Any CPU
		{194C78A4-B4F2-4523-9973-E6A788D7EA89}.Debug|x64.ActiveCfg = Debug|Any CPU
		{194C78A4-B4F2-4523-9973-E6A788D7EA89}.Debug|x64.Build.0 = Debug|Any CPU
		{194C78A4-B4F2-4523-9973-E6A788D7EA89}.Debug|x86.ActiveCfg = Debug|Any CPU
		{194C78A4-B4F2-4523-9973-E6A788D7EA89}.Debug|x86.Build.0 = Debug|Any CPU
		{194C78A4-B4F2-4523-9973-E6A788D7EA89}.Release|Any CPU.ActiveCfg = Release|Any CPU
		{194C78A4-B4F2-4523-9973-E6A788D7EA89}.Release|Any CPU.Build.0 = Release|Any CPU
		{194C78A4-B4F2-4523-9973-E6A788D7EA89}.Release|x64.ActiveCfg = Release|Any CPU
		{194C78A4-B4F2-4523-9973-E6A788D7EA89}.Release|x64.Build.0 = Release|Any CPU
		{194C78A4-B4F2-4523-9973-E6A788D7EA89}.Release|x86.ActiveCfg = Release|Any CPU
		{194C78A4-B4F2-4523-9973-E6A788D7EA89}.Release|x86.Build.0 = Release|Any CPU
		{A21797FF-1276-4A21-83AC-155DD862CD5D}.Debug|Any CPU.ActiveCfg = Debug|Any CPU
		{A21797FF-1276-4A21-83AC-155DD862CD5D}.Debug|Any CPU.Build.0 = Debug|Any CPU
		{A21797FF-1276-4A21-83AC-155DD862CD5D}.Debug|x64.ActiveCfg = Debug|Any CPU
		{A21797FF-1276-4A21-83AC-155DD862CD5D}.Debug|x64.Build.0 = Debug|Any CPU
		{A21797FF-1276-4A21-83AC-155DD862CD5D}.Debug|x86.ActiveCfg = Debug|Any CPU
		{A21797FF-1276-4A21-83AC-155DD862CD5D}.Debug|x86.Build.0 = Debug|Any CPU
		{A21797FF-1276-4A21-83AC-155DD862CD5D}.Release|Any CPU.ActiveCfg = Release|Any CPU
		{A21797FF-1276-4A21-83AC-155DD862CD5D}.Release|Any CPU.Build.0 = Release|Any CPU
		{A21797FF-1276-4A21-83AC-155DD862CD5D}.Release|x64.ActiveCfg = Release|Any CPU
		{A21797FF-1276-4A21-83AC-155DD862CD5D}.Release|x64.Build.0 = Release|Any CPU
		{A21797FF-1276-4A21-83AC-155DD862CD5D}.Release|x86.ActiveCfg = Release|Any CPU
		{A21797FF-1276-4A21-83AC-155DD862CD5D}.Release|x86.Build.0 = Release|Any CPU
		{EACC0E2B-07D5-4A33-BA07-42220DFF1FC5}.Debug|Any CPU.ActiveCfg = Debug|Any CPU
		{EACC0E2B-07D5-4A33-BA07-42220DFF1FC5}.Debug|Any CPU.Build.0 = Debug|Any CPU
		{EACC0E2B-07D5-4A33-BA07-42220DFF1FC5}.Debug|x64.ActiveCfg = Debug|Any CPU
		{EACC0E2B-07D5-4A33-BA07-42220DFF1FC5}.Debug|x64.Build.0 = Debug|Any CPU
		{EACC0E2B-07D5-4A33-BA07-42220DFF1FC5}.Debug|x86.ActiveCfg = Debug|Any CPU
		{EACC0E2B-07D5-4A33-BA07-42220DFF1FC5}.Debug|x86.Build.0 = Debug|Any CPU
		{EACC0E2B-07D5-4A33-BA07-42220DFF1FC5}.Release|Any CPU.ActiveCfg = Release|Any CPU
		{EACC0E2B-07D5-4A33-BA07-42220DFF1FC5}.Release|Any CPU.Build.0 = Release|Any CPU
		{EACC0E2B-07D5-4A33-BA07-42220DFF1FC5}.Release|x64.ActiveCfg = Release|Any CPU
		{EACC0E2B-07D5-4A33-BA07-42220DFF1FC5}.Release|x64.Build.0 = Release|Any CPU
		{EACC0E2B-07D5-4A33-BA07-42220DFF1FC5}.Release|x86.ActiveCfg = Release|Any CPU
		{EACC0E2B-07D5-4A33-BA07-42220DFF1FC5}.Release|x86.Build.0 = Release|Any CPU
		{1F42EA92-E4C7-4F30-B8F5-7A36899B5CE9}.Debug|Any CPU.ActiveCfg = Debug|Any CPU
		{1F42EA92-E4C7-4F30-B8F5-7A36899B5CE9}.Debug|Any CPU.Build.0 = Debug|Any CPU
		{1F42EA92-E4C7-4F30-B8F5-7A36899B5CE9}.Debug|x64.ActiveCfg = Debug|Any CPU
		{1F42EA92-E4C7-4F30-B8F5-7A36899B5CE9}.Debug|x64.Build.0 = Debug|Any CPU
		{1F42EA92-E4C7-4F30-B8F5-7A36899B5CE9}.Debug|x86.ActiveCfg = Debug|Any CPU
		{1F42EA92-E4C7-4F30-B8F5-7A36899B5CE9}.Debug|x86.Build.0 = Debug|Any CPU
		{1F42EA92-E4C7-4F30-B8F5-7A36899B5CE9}.Release|Any CPU.ActiveCfg = Release|Any CPU
		{1F42EA92-E4C7-4F30-B8F5-7A36899B5CE9}.Release|Any CPU.Build.0 = Release|Any CPU
		{1F42EA92-E4C7-4F30-B8F5-7A36899B5CE9}.Release|x64.ActiveCfg = Release|Any CPU
		{1F42EA92-E4C7-4F30-B8F5-7A36899B5CE9}.Release|x64.Build.0 = Release|Any CPU
		{1F42EA92-E4C7-4F30-B8F5-7A36899B5CE9}.Release|x86.ActiveCfg = Release|Any CPU
		{1F42EA92-E4C7-4F30-B8F5-7A36899B5CE9}.Release|x86.Build.0 = Release|Any CPU
		{D359F230-FCED-42DA-BE8A-7C44AD18AFC8}.Debug|Any CPU.ActiveCfg = Debug|Any CPU
		{D359F230-FCED-42DA-BE8A-7C44AD18AFC8}.Debug|Any CPU.Build.0 = Debug|Any CPU
		{D359F230-FCED-42DA-BE8A-7C44AD18AFC8}.Debug|x64.ActiveCfg = Debug|Any CPU
		{D359F230-FCED-42DA-BE8A-7C44AD18AFC8}.Debug|x64.Build.0 = Debug|Any CPU
		{D359F230-FCED-42DA-BE8A-7C44AD18AFC8}.Debug|x86.ActiveCfg = Debug|Any CPU
		{D359F230-FCED-42DA-BE8A-7C44AD18AFC8}.Debug|x86.Build.0 = Debug|Any CPU
		{D359F230-FCED-42DA-BE8A-7C44AD18AFC8}.Release|Any CPU.ActiveCfg = Release|Any CPU
		{D359F230-FCED-42DA-BE8A-7C44AD18AFC8}.Release|Any CPU.Build.0 = Release|Any CPU
		{D359F230-FCED-42DA-BE8A-7C44AD18AFC8}.Release|x64.ActiveCfg = Release|Any CPU
		{D359F230-FCED-42DA-BE8A-7C44AD18AFC8}.Release|x64.Build.0 = Release|Any CPU
		{D359F230-FCED-42DA-BE8A-7C44AD18AFC8}.Release|x86.ActiveCfg = Release|Any CPU
		{D359F230-FCED-42DA-BE8A-7C44AD18AFC8}.Release|x86.Build.0 = Release|Any CPU
		{11F71D09-AF04-4DCD-ADA2-CC43E98279CF}.Debug|Any CPU.ActiveCfg = Debug|Any CPU
		{11F71D09-AF04-4DCD-ADA2-CC43E98279CF}.Debug|Any CPU.Build.0 = Debug|Any CPU
		{11F71D09-AF04-4DCD-ADA2-CC43E98279CF}.Debug|x64.ActiveCfg = Debug|Any CPU
		{11F71D09-AF04-4DCD-ADA2-CC43E98279CF}.Debug|x64.Build.0 = Debug|Any CPU
		{11F71D09-AF04-4DCD-ADA2-CC43E98279CF}.Debug|x86.ActiveCfg = Debug|Any CPU
		{11F71D09-AF04-4DCD-ADA2-CC43E98279CF}.Debug|x86.Build.0 = Debug|Any CPU
		{11F71D09-AF04-4DCD-ADA2-CC43E98279CF}.Release|Any CPU.ActiveCfg = Release|Any CPU
		{11F71D09-AF04-4DCD-ADA2-CC43E98279CF}.Release|Any CPU.Build.0 = Release|Any CPU
		{11F71D09-AF04-4DCD-ADA2-CC43E98279CF}.Release|x64.ActiveCfg = Release|Any CPU
		{11F71D09-AF04-4DCD-ADA2-CC43E98279CF}.Release|x64.Build.0 = Release|Any CPU
		{11F71D09-AF04-4DCD-ADA2-CC43E98279CF}.Release|x86.ActiveCfg = Release|Any CPU
		{11F71D09-AF04-4DCD-ADA2-CC43E98279CF}.Release|x86.Build.0 = Release|Any CPU
		{545BD82C-5137-4DF5-BDF5-4DF033ADEC1F}.Debug|Any CPU.ActiveCfg = Debug|Any CPU
		{545BD82C-5137-4DF5-BDF5-4DF033ADEC1F}.Debug|Any CPU.Build.0 = Debug|Any CPU
		{545BD82C-5137-4DF5-BDF5-4DF033ADEC1F}.Debug|x64.ActiveCfg = Debug|Any CPU
		{545BD82C-5137-4DF5-BDF5-4DF033ADEC1F}.Debug|x64.Build.0 = Debug|Any CPU
		{545BD82C-5137-4DF5-BDF5-4DF033ADEC1F}.Debug|x86.ActiveCfg = Debug|Any CPU
		{545BD82C-5137-4DF5-BDF5-4DF033ADEC1F}.Debug|x86.Build.0 = Debug|Any CPU
		{545BD82C-5137-4DF5-BDF5-4DF033ADEC1F}.Release|Any CPU.ActiveCfg = Release|Any CPU
		{545BD82C-5137-4DF5-BDF5-4DF033ADEC1F}.Release|Any CPU.Build.0 = Release|Any CPU
		{545BD82C-5137-4DF5-BDF5-4DF033ADEC1F}.Release|x64.ActiveCfg = Release|Any CPU
		{545BD82C-5137-4DF5-BDF5-4DF033ADEC1F}.Release|x64.Build.0 = Release|Any CPU
		{545BD82C-5137-4DF5-BDF5-4DF033ADEC1F}.Release|x86.ActiveCfg = Release|Any CPU
		{545BD82C-5137-4DF5-BDF5-4DF033ADEC1F}.Release|x86.Build.0 = Release|Any CPU
		{42D02B8C-0A33-4BF7-8E83-1BAEE06A8469}.Debug|Any CPU.ActiveCfg = Debug|Any CPU
		{42D02B8C-0A33-4BF7-8E83-1BAEE06A8469}.Debug|Any CPU.Build.0 = Debug|Any CPU
		{42D02B8C-0A33-4BF7-8E83-1BAEE06A8469}.Debug|x64.ActiveCfg = Debug|Any CPU
		{42D02B8C-0A33-4BF7-8E83-1BAEE06A8469}.Debug|x64.Build.0 = Debug|Any CPU
		{42D02B8C-0A33-4BF7-8E83-1BAEE06A8469}.Debug|x86.ActiveCfg = Debug|Any CPU
		{42D02B8C-0A33-4BF7-8E83-1BAEE06A8469}.Debug|x86.Build.0 = Debug|Any CPU
		{42D02B8C-0A33-4BF7-8E83-1BAEE06A8469}.Release|Any CPU.ActiveCfg = Release|Any CPU
		{42D02B8C-0A33-4BF7-8E83-1BAEE06A8469}.Release|Any CPU.Build.0 = Release|Any CPU
		{42D02B8C-0A33-4BF7-8E83-1BAEE06A8469}.Release|x64.ActiveCfg = Release|Any CPU
		{42D02B8C-0A33-4BF7-8E83-1BAEE06A8469}.Release|x64.Build.0 = Release|Any CPU
		{42D02B8C-0A33-4BF7-8E83-1BAEE06A8469}.Release|x86.ActiveCfg = Release|Any CPU
		{42D02B8C-0A33-4BF7-8E83-1BAEE06A8469}.Release|x86.Build.0 = Release|Any CPU
		{6E54CAA0-969E-4AC2-9AEA-0762E896EA40}.Debug|Any CPU.ActiveCfg = Debug|Any CPU
		{6E54CAA0-969E-4AC2-9AEA-0762E896EA40}.Debug|Any CPU.Build.0 = Debug|Any CPU
		{6E54CAA0-969E-4AC2-9AEA-0762E896EA40}.Debug|x64.ActiveCfg = Debug|Any CPU
		{6E54CAA0-969E-4AC2-9AEA-0762E896EA40}.Debug|x64.Build.0 = Debug|Any CPU
		{6E54CAA0-969E-4AC2-9AEA-0762E896EA40}.Debug|x86.ActiveCfg = Debug|Any CPU
		{6E54CAA0-969E-4AC2-9AEA-0762E896EA40}.Debug|x86.Build.0 = Debug|Any CPU
		{6E54CAA0-969E-4AC2-9AEA-0762E896EA40}.Release|Any CPU.ActiveCfg = Release|Any CPU
		{6E54CAA0-969E-4AC2-9AEA-0762E896EA40}.Release|Any CPU.Build.0 = Release|Any CPU
		{6E54CAA0-969E-4AC2-9AEA-0762E896EA40}.Release|x64.ActiveCfg = Release|Any CPU
		{6E54CAA0-969E-4AC2-9AEA-0762E896EA40}.Release|x64.Build.0 = Release|Any CPU
		{6E54CAA0-969E-4AC2-9AEA-0762E896EA40}.Release|x86.ActiveCfg = Release|Any CPU
		{6E54CAA0-969E-4AC2-9AEA-0762E896EA40}.Release|x86.Build.0 = Release|Any CPU
		{A58EBAC3-8967-414B-8649-9456A20F0138}.Debug|Any CPU.ActiveCfg = Debug|Any CPU
		{A58EBAC3-8967-414B-8649-9456A20F0138}.Debug|Any CPU.Build.0 = Debug|Any CPU
		{A58EBAC3-8967-414B-8649-9456A20F0138}.Debug|x64.ActiveCfg = Debug|Any CPU
		{A58EBAC3-8967-414B-8649-9456A20F0138}.Debug|x64.Build.0 = Debug|Any CPU
		{A58EBAC3-8967-414B-8649-9456A20F0138}.Debug|x86.ActiveCfg = Debug|Any CPU
		{A58EBAC3-8967-414B-8649-9456A20F0138}.Debug|x86.Build.0 = Debug|Any CPU
		{A58EBAC3-8967-414B-8649-9456A20F0138}.Release|Any CPU.ActiveCfg = Release|Any CPU
		{A58EBAC3-8967-414B-8649-9456A20F0138}.Release|Any CPU.Build.0 = Release|Any CPU
		{A58EBAC3-8967-414B-8649-9456A20F0138}.Release|x64.ActiveCfg = Release|Any CPU
		{A58EBAC3-8967-414B-8649-9456A20F0138}.Release|x64.Build.0 = Release|Any CPU
		{A58EBAC3-8967-414B-8649-9456A20F0138}.Release|x86.ActiveCfg = Release|Any CPU
		{A58EBAC3-8967-414B-8649-9456A20F0138}.Release|x86.Build.0 = Release|Any CPU
		{B1B81CF2-530B-42A5-8DFA-697C63FD34F7}.Debug|Any CPU.ActiveCfg = Debug|Any CPU
		{B1B81CF2-530B-42A5-8DFA-697C63FD34F7}.Debug|Any CPU.Build.0 = Debug|Any CPU
		{B1B81CF2-530B-42A5-8DFA-697C63FD34F7}.Debug|x64.ActiveCfg = Debug|Any CPU
		{B1B81CF2-530B-42A5-8DFA-697C63FD34F7}.Debug|x64.Build.0 = Debug|Any CPU
		{B1B81CF2-530B-42A5-8DFA-697C63FD34F7}.Debug|x86.ActiveCfg = Debug|Any CPU
		{B1B81CF2-530B-42A5-8DFA-697C63FD34F7}.Debug|x86.Build.0 = Debug|Any CPU
		{B1B81CF2-530B-42A5-8DFA-697C63FD34F7}.Release|Any CPU.ActiveCfg = Release|Any CPU
		{B1B81CF2-530B-42A5-8DFA-697C63FD34F7}.Release|Any CPU.Build.0 = Release|Any CPU
		{B1B81CF2-530B-42A5-8DFA-697C63FD34F7}.Release|x64.ActiveCfg = Release|Any CPU
		{B1B81CF2-530B-42A5-8DFA-697C63FD34F7}.Release|x64.Build.0 = Release|Any CPU
		{B1B81CF2-530B-42A5-8DFA-697C63FD34F7}.Release|x86.ActiveCfg = Release|Any CPU
		{B1B81CF2-530B-42A5-8DFA-697C63FD34F7}.Release|x86.Build.0 = Release|Any CPU
		{2B81BDDE-434C-4E9B-868A-2CE8B51D157B}.Debug|Any CPU.ActiveCfg = Debug|Any CPU
		{2B81BDDE-434C-4E9B-868A-2CE8B51D157B}.Debug|Any CPU.Build.0 = Debug|Any CPU
		{2B81BDDE-434C-4E9B-868A-2CE8B51D157B}.Debug|x64.ActiveCfg = Debug|Any CPU
		{2B81BDDE-434C-4E9B-868A-2CE8B51D157B}.Debug|x64.Build.0 = Debug|Any CPU
		{2B81BDDE-434C-4E9B-868A-2CE8B51D157B}.Debug|x86.ActiveCfg = Debug|Any CPU
		{2B81BDDE-434C-4E9B-868A-2CE8B51D157B}.Debug|x86.Build.0 = Debug|Any CPU
		{2B81BDDE-434C-4E9B-868A-2CE8B51D157B}.Release|Any CPU.ActiveCfg = Release|Any CPU
		{2B81BDDE-434C-4E9B-868A-2CE8B51D157B}.Release|Any CPU.Build.0 = Release|Any CPU
		{2B81BDDE-434C-4E9B-868A-2CE8B51D157B}.Release|x64.ActiveCfg = Release|Any CPU
		{2B81BDDE-434C-4E9B-868A-2CE8B51D157B}.Release|x64.Build.0 = Release|Any CPU
		{2B81BDDE-434C-4E9B-868A-2CE8B51D157B}.Release|x86.ActiveCfg = Release|Any CPU
		{2B81BDDE-434C-4E9B-868A-2CE8B51D157B}.Release|x86.Build.0 = Release|Any CPU
		{90B74ADF-891A-47E2-922C-450BE2271164}.Debug|Any CPU.ActiveCfg = Debug|Any CPU
		{90B74ADF-891A-47E2-922C-450BE2271164}.Debug|Any CPU.Build.0 = Debug|Any CPU
		{90B74ADF-891A-47E2-922C-450BE2271164}.Debug|x64.ActiveCfg = Debug|Any CPU
		{90B74ADF-891A-47E2-922C-450BE2271164}.Debug|x64.Build.0 = Debug|Any CPU
		{90B74ADF-891A-47E2-922C-450BE2271164}.Debug|x86.ActiveCfg = Debug|Any CPU
		{90B74ADF-891A-47E2-922C-450BE2271164}.Debug|x86.Build.0 = Debug|Any CPU
		{90B74ADF-891A-47E2-922C-450BE2271164}.Release|Any CPU.ActiveCfg = Release|Any CPU
		{90B74ADF-891A-47E2-922C-450BE2271164}.Release|Any CPU.Build.0 = Release|Any CPU
		{90B74ADF-891A-47E2-922C-450BE2271164}.Release|x64.ActiveCfg = Release|Any CPU
		{90B74ADF-891A-47E2-922C-450BE2271164}.Release|x64.Build.0 = Release|Any CPU
		{90B74ADF-891A-47E2-922C-450BE2271164}.Release|x86.ActiveCfg = Release|Any CPU
		{90B74ADF-891A-47E2-922C-450BE2271164}.Release|x86.Build.0 = Release|Any CPU
		{5B7146F9-0BE9-4A16-9494-24DBD502401D}.Debug|Any CPU.ActiveCfg = Debug|Any CPU
		{5B7146F9-0BE9-4A16-9494-24DBD502401D}.Debug|Any CPU.Build.0 = Debug|Any CPU
		{5B7146F9-0BE9-4A16-9494-24DBD502401D}.Debug|x64.ActiveCfg = Debug|Any CPU
		{5B7146F9-0BE9-4A16-9494-24DBD502401D}.Debug|x64.Build.0 = Debug|Any CPU
		{5B7146F9-0BE9-4A16-9494-24DBD502401D}.Debug|x86.ActiveCfg = Debug|Any CPU
		{5B7146F9-0BE9-4A16-9494-24DBD502401D}.Debug|x86.Build.0 = Debug|Any CPU
		{5B7146F9-0BE9-4A16-9494-24DBD502401D}.Release|Any CPU.ActiveCfg = Release|Any CPU
		{5B7146F9-0BE9-4A16-9494-24DBD502401D}.Release|Any CPU.Build.0 = Release|Any CPU
		{5B7146F9-0BE9-4A16-9494-24DBD502401D}.Release|x64.ActiveCfg = Release|Any CPU
		{5B7146F9-0BE9-4A16-9494-24DBD502401D}.Release|x64.Build.0 = Release|Any CPU
		{5B7146F9-0BE9-4A16-9494-24DBD502401D}.Release|x86.ActiveCfg = Release|Any CPU
		{5B7146F9-0BE9-4A16-9494-24DBD502401D}.Release|x86.Build.0 = Release|Any CPU
		{A185F4E5-5E4B-4DC4-9235-EC1007DC46F9}.Debug|Any CPU.ActiveCfg = Debug|Any CPU
		{A185F4E5-5E4B-4DC4-9235-EC1007DC46F9}.Debug|Any CPU.Build.0 = Debug|Any CPU
		{A185F4E5-5E4B-4DC4-9235-EC1007DC46F9}.Debug|x64.ActiveCfg = Debug|Any CPU
		{A185F4E5-5E4B-4DC4-9235-EC1007DC46F9}.Debug|x64.Build.0 = Debug|Any CPU
		{A185F4E5-5E4B-4DC4-9235-EC1007DC46F9}.Debug|x86.ActiveCfg = Debug|Any CPU
		{A185F4E5-5E4B-4DC4-9235-EC1007DC46F9}.Debug|x86.Build.0 = Debug|Any CPU
		{A185F4E5-5E4B-4DC4-9235-EC1007DC46F9}.Release|Any CPU.ActiveCfg = Release|Any CPU
		{A185F4E5-5E4B-4DC4-9235-EC1007DC46F9}.Release|Any CPU.Build.0 = Release|Any CPU
		{A185F4E5-5E4B-4DC4-9235-EC1007DC46F9}.Release|x64.ActiveCfg = Release|Any CPU
		{A185F4E5-5E4B-4DC4-9235-EC1007DC46F9}.Release|x64.Build.0 = Release|Any CPU
		{A185F4E5-5E4B-4DC4-9235-EC1007DC46F9}.Release|x86.ActiveCfg = Release|Any CPU
		{A185F4E5-5E4B-4DC4-9235-EC1007DC46F9}.Release|x86.Build.0 = Release|Any CPU
		{D4A5F04A-480B-48A2-9B5E-B639A4116E95}.Debug|Any CPU.ActiveCfg = Debug|Any CPU
		{D4A5F04A-480B-48A2-9B5E-B639A4116E95}.Debug|Any CPU.Build.0 = Debug|Any CPU
		{D4A5F04A-480B-48A2-9B5E-B639A4116E95}.Debug|x64.ActiveCfg = Debug|Any CPU
		{D4A5F04A-480B-48A2-9B5E-B639A4116E95}.Debug|x64.Build.0 = Debug|Any CPU
		{D4A5F04A-480B-48A2-9B5E-B639A4116E95}.Debug|x86.ActiveCfg = Debug|Any CPU
		{D4A5F04A-480B-48A2-9B5E-B639A4116E95}.Debug|x86.Build.0 = Debug|Any CPU
		{D4A5F04A-480B-48A2-9B5E-B639A4116E95}.Release|Any CPU.ActiveCfg = Release|Any CPU
		{D4A5F04A-480B-48A2-9B5E-B639A4116E95}.Release|Any CPU.Build.0 = Release|Any CPU
		{D4A5F04A-480B-48A2-9B5E-B639A4116E95}.Release|x64.ActiveCfg = Release|Any CPU
		{D4A5F04A-480B-48A2-9B5E-B639A4116E95}.Release|x64.Build.0 = Release|Any CPU
		{D4A5F04A-480B-48A2-9B5E-B639A4116E95}.Release|x86.ActiveCfg = Release|Any CPU
		{D4A5F04A-480B-48A2-9B5E-B639A4116E95}.Release|x86.Build.0 = Release|Any CPU
		{32665B76-70AF-40B8-AADC-DDF5F47F695E}.Debug|Any CPU.ActiveCfg = Debug|Any CPU
		{32665B76-70AF-40B8-AADC-DDF5F47F695E}.Debug|Any CPU.Build.0 = Debug|Any CPU
		{32665B76-70AF-40B8-AADC-DDF5F47F695E}.Debug|x64.ActiveCfg = Debug|Any CPU
		{32665B76-70AF-40B8-AADC-DDF5F47F695E}.Debug|x64.Build.0 = Debug|Any CPU
		{32665B76-70AF-40B8-AADC-DDF5F47F695E}.Debug|x86.ActiveCfg = Debug|Any CPU
		{32665B76-70AF-40B8-AADC-DDF5F47F695E}.Debug|x86.Build.0 = Debug|Any CPU
		{32665B76-70AF-40B8-AADC-DDF5F47F695E}.Release|Any CPU.ActiveCfg = Release|Any CPU
		{32665B76-70AF-40B8-AADC-DDF5F47F695E}.Release|Any CPU.Build.0 = Release|Any CPU
		{32665B76-70AF-40B8-AADC-DDF5F47F695E}.Release|x64.ActiveCfg = Release|Any CPU
		{32665B76-70AF-40B8-AADC-DDF5F47F695E}.Release|x64.Build.0 = Release|Any CPU
		{32665B76-70AF-40B8-AADC-DDF5F47F695E}.Release|x86.ActiveCfg = Release|Any CPU
		{32665B76-70AF-40B8-AADC-DDF5F47F695E}.Release|x86.Build.0 = Release|Any CPU
		{65AF651B-861E-4704-9FDC-08564CD42A21}.Debug|Any CPU.ActiveCfg = Debug|Any CPU
		{65AF651B-861E-4704-9FDC-08564CD42A21}.Debug|Any CPU.Build.0 = Debug|Any CPU
		{65AF651B-861E-4704-9FDC-08564CD42A21}.Debug|x64.ActiveCfg = Debug|Any CPU
		{65AF651B-861E-4704-9FDC-08564CD42A21}.Debug|x64.Build.0 = Debug|Any CPU
		{65AF651B-861E-4704-9FDC-08564CD42A21}.Debug|x86.ActiveCfg = Debug|Any CPU
		{65AF651B-861E-4704-9FDC-08564CD42A21}.Debug|x86.Build.0 = Debug|Any CPU
		{65AF651B-861E-4704-9FDC-08564CD42A21}.Release|Any CPU.ActiveCfg = Release|Any CPU
		{65AF651B-861E-4704-9FDC-08564CD42A21}.Release|Any CPU.Build.0 = Release|Any CPU
		{65AF651B-861E-4704-9FDC-08564CD42A21}.Release|x64.ActiveCfg = Release|Any CPU
		{65AF651B-861E-4704-9FDC-08564CD42A21}.Release|x64.Build.0 = Release|Any CPU
		{65AF651B-861E-4704-9FDC-08564CD42A21}.Release|x86.ActiveCfg = Release|Any CPU
		{65AF651B-861E-4704-9FDC-08564CD42A21}.Release|x86.Build.0 = Release|Any CPU
		{8626A161-0EED-40C5-BDC7-1D13BB4ADDBA}.Debug|Any CPU.ActiveCfg = Debug|Any CPU
		{8626A161-0EED-40C5-BDC7-1D13BB4ADDBA}.Debug|Any CPU.Build.0 = Debug|Any CPU
		{8626A161-0EED-40C5-BDC7-1D13BB4ADDBA}.Debug|x64.ActiveCfg = Debug|Any CPU
		{8626A161-0EED-40C5-BDC7-1D13BB4ADDBA}.Debug|x64.Build.0 = Debug|Any CPU
		{8626A161-0EED-40C5-BDC7-1D13BB4ADDBA}.Debug|x86.ActiveCfg = Debug|Any CPU
		{8626A161-0EED-40C5-BDC7-1D13BB4ADDBA}.Debug|x86.Build.0 = Debug|Any CPU
		{8626A161-0EED-40C5-BDC7-1D13BB4ADDBA}.Release|Any CPU.ActiveCfg = Release|Any CPU
		{8626A161-0EED-40C5-BDC7-1D13BB4ADDBA}.Release|Any CPU.Build.0 = Release|Any CPU
		{8626A161-0EED-40C5-BDC7-1D13BB4ADDBA}.Release|x64.ActiveCfg = Release|Any CPU
		{8626A161-0EED-40C5-BDC7-1D13BB4ADDBA}.Release|x64.Build.0 = Release|Any CPU
		{8626A161-0EED-40C5-BDC7-1D13BB4ADDBA}.Release|x86.ActiveCfg = Release|Any CPU
		{8626A161-0EED-40C5-BDC7-1D13BB4ADDBA}.Release|x86.Build.0 = Release|Any CPU
	EndGlobalSection
	GlobalSection(SolutionProperties) = preSolution
		HideSolutionNode = FALSE
	EndGlobalSection
	GlobalSection(NestedProjects) = preSolution
		{FF8D6997-4E68-4ED0-AD0B-857826F52B13} = {C1C757B8-568E-45A5-A86D-D8C70E7E0F87}
		{CDB05CAB-383D-4A38-8C58-7512CC138052} = {8F2E5130-C851-41E5-BE8C-8A67B1637FAF}
		{76AE59E5-0DF0-40DC-9DC5-10E1639EA8B9} = {8F2E5130-C851-41E5-BE8C-8A67B1637FAF}
		{790B07C2-6855-407B-9DD1-4B124F673BE2} = {3795F90A-849D-456F-9928-ED5C1B2A0F95}
		{BA0368C3-7930-4DD8-9EB1-8F416E384F3B} = {C6C27F24-ECFA-4EC7-8FFF-BF681C67495D}
		{BABF6815-BCA8-42EC-9F36-7820D352D371} = {C1C757B8-568E-45A5-A86D-D8C70E7E0F87}
		{9B74B25E-6F1B-4DA9-8983-E16738159700} = {3795F90A-849D-456F-9928-ED5C1B2A0F95}
		{38E7BC07-B587-42D9-8B94-D0CB2959850B} = {8F2E5130-C851-41E5-BE8C-8A67B1637FAF}
		{9A762EF2-D5B3-433B-A15C-5667D3774DF4} = {3795F90A-849D-456F-9928-ED5C1B2A0F95}
		{3E0A4C81-DCEF-4214-80EC-73F981BAEE28} = {C1C757B8-568E-45A5-A86D-D8C70E7E0F87}
		{597801B5-0B9A-4B7F-B867-7AFAABF08414} = {3795F90A-849D-456F-9928-ED5C1B2A0F95}
		{194C78A4-B4F2-4523-9973-E6A788D7EA89} = {3795F90A-849D-456F-9928-ED5C1B2A0F95}
		{A21797FF-1276-4A21-83AC-155DD862CD5D} = {C1C757B8-568E-45A5-A86D-D8C70E7E0F87}
		{EACC0E2B-07D5-4A33-BA07-42220DFF1FC5} = {C6C27F24-ECFA-4EC7-8FFF-BF681C67495D}
		{1F42EA92-E4C7-4F30-B8F5-7A36899B5CE9} = {3795F90A-849D-456F-9928-ED5C1B2A0F95}
		{D359F230-FCED-42DA-BE8A-7C44AD18AFC8} = {3795F90A-849D-456F-9928-ED5C1B2A0F95}
		{11F71D09-AF04-4DCD-ADA2-CC43E98279CF} = {3795F90A-849D-456F-9928-ED5C1B2A0F95}
		{545BD82C-5137-4DF5-BDF5-4DF033ADEC1F} = {C6C27F24-ECFA-4EC7-8FFF-BF681C67495D}
		{42D02B8C-0A33-4BF7-8E83-1BAEE06A8469} = {C1C757B8-568E-45A5-A86D-D8C70E7E0F87}
		{6E54CAA0-969E-4AC2-9AEA-0762E896EA40} = {3795F90A-849D-456F-9928-ED5C1B2A0F95}
		{A58EBAC3-8967-414B-8649-9456A20F0138} = {3795F90A-849D-456F-9928-ED5C1B2A0F95}
		{B1B81CF2-530B-42A5-8DFA-697C63FD34F7} = {3795F90A-849D-456F-9928-ED5C1B2A0F95}
		{2B81BDDE-434C-4E9B-868A-2CE8B51D157B} = {3795F90A-849D-456F-9928-ED5C1B2A0F95}
		{90B74ADF-891A-47E2-922C-450BE2271164} = {5B968369-9E79-4D35-B5F5-DE58678B20B6}
		{5B7146F9-0BE9-4A16-9494-24DBD502401D} = {5B968369-9E79-4D35-B5F5-DE58678B20B6}
		{A185F4E5-5E4B-4DC4-9235-EC1007DC46F9} = {5B968369-9E79-4D35-B5F5-DE58678B20B6}
		{D4A5F04A-480B-48A2-9B5E-B639A4116E95} = {3795F90A-849D-456F-9928-ED5C1B2A0F95}
		{32665B76-70AF-40B8-AADC-DDF5F47F695E} = {3795F90A-849D-456F-9928-ED5C1B2A0F95}
		{65AF651B-861E-4704-9FDC-08564CD42A21} = {3795F90A-849D-456F-9928-ED5C1B2A0F95}
		{8626A161-0EED-40C5-BDC7-1D13BB4ADDBA} = {3795F90A-849D-456F-9928-ED5C1B2A0F95}
	EndGlobalSection
	GlobalSection(ExtensibilityGlobals) = postSolution
		VisualSVNWorkingCopyRoot = .
	EndGlobalSection
EndGlobal
